
Microsoft Visual Studio Solution File, Format Version 12.00
# Visual Studio Version 17
VisualStudioVersion = 17.11.35103.136
MinimumVisualStudioVersion = 10.0.40219.1
Project("{FAE04EC0-301F-11D3-BF4B-00C04F79EFBC}") = "PolymorphicSysTextJson", "PolymorphicSysTextJson\PolymorphicSysTextJson.csproj", "{38181A01-4679-4C78-AC9A-2B34EA233CEA}"
EndProject
Project("{FAE04EC0-301F-11D3-BF4B-00C04F79EFBC}") = "PolymorphicSysTextJson.Tests", "PolymorphicSysTextJson.Tests\PolymorphicSysTextJson.Tests.csproj", "{74AA68A3-9DB5-45D7-A8ED-5DC8D96FFF4A}"
EndProject
Project("{FAE04EC0-301F-11D3-BF4B-00C04F79EFBC}") = "PolymorphicSysTextJson.Abstractions", "PolymorphicSysTextJson.Abstractions\PolymorphicSysTextJson.Abstractions.csproj", "{1C607A83-3297-4308-B05A-BF635EB46F8D}"
EndProject
Global
	GlobalSection(SolutionConfigurationPlatforms) = preSolution
		Debug|Any CPU = Debug|Any CPU
		Release|Any CPU = Release|Any CPU
	EndGlobalSection
	GlobalSection(ProjectConfigurationPlatforms) = postSolution
		{38181A01-4679-4C78-AC9A-2B34EA233CEA}.Debug|Any CPU.ActiveCfg = Debug|Any CPU
		{38181A01-4679-4C78-AC9A-2B34EA233CEA}.Debug|Any CPU.Build.0 = Debug|Any CPU
		{38181A01-4679-4C78-AC9A-2B34EA233CEA}.Release|Any CPU.ActiveCfg = Release|Any CPU
		{38181A01-4679-4C78-AC9A-2B34EA233CEA}.Release|Any CPU.Build.0 = Release|Any CPU
		{74AA68A3-9DB5-45D7-A8ED-5DC8D96FFF4A}.Debug|Any CPU.ActiveCfg = Debug|Any CPU
		{74AA68A3-9DB5-45D7-A8ED-5DC8D96FFF4A}.Debug|Any CPU.Build.0 = Debug|Any CPU
		{74AA68A3-9DB5-45D7-A8ED-5DC8D96FFF4A}.Release|Any CPU.ActiveCfg = Release|Any CPU
		{74AA68A3-9DB5-45D7-A8ED-5DC8D96FFF4A}.Release|Any CPU.Build.0 = Release|Any CPU
		{1C607A83-3297-4308-B05A-BF635EB46F8D}.Debug|Any CPU.ActiveCfg = Debug|Any CPU
		{1C607A83-3297-4308-B05A-BF635EB46F8D}.Debug|Any CPU.Build.0 = Debug|Any CPU
		{1C607A83-3297-4308-B05A-BF635EB46F8D}.Release|Any CPU.ActiveCfg = Release|Any CPU
		{1C607A83-3297-4308-B05A-BF635EB46F8D}.Release|Any CPU.Build.0 = Release|Any CPU
	EndGlobalSection
	GlobalSection(SolutionProperties) = preSolution
		HideSolutionNode = FALSE
	EndGlobalSection
	GlobalSection(ExtensibilityGlobals) = postSolution
		SolutionGuid = {5B88EA72-5EB6-4B61-99A9-F71FB3BBF937}
	EndGlobalSection
EndGlobal
